
Microsoft Visual Studio Solution File, Format Version 12.00
# Visual Studio 14
VisualStudioVersion = 14.0.25123.0
MinimumVisualStudioVersion = 10.0.40219.1
Project("{2150E333-8FDC-42A3-9474-1A3956D46DE8}") = "src", "src", "{0510873E-5CD4-4386-933C-371BD565B017}"
EndProject
Project("{2150E333-8FDC-42A3-9474-1A3956D46DE8}") = "Solution Items", "Solution Items", "{BD3C572E-79DA-48B7-B2C0-DD318D27EAC0}"
	ProjectSection(SolutionItems) = preProject
		global.json = global.json
		NuGet.config = NuGet.config
	EndProjectSection
EndProject
Project("{8BB2217D-0F2D-49D1-97BC-3654ED321F3B}") = "ChinaTower.Verification", "src\ChinaTower.Verification\ChinaTower.Verification.xproj", "{40AF6E27-4320-407F-8773-DE951E990D59}"
EndProject
Project("{2150E333-8FDC-42A3-9474-1A3956D46DE8}") = "tool", "tool", "{E7A44035-E04C-4CB6-8D98-5AD92DC44C0B}"
EndProject
Project("{8BB2217D-0F2D-49D1-97BC-3654ED321F3B}") = "ChinaTower.Verification.ParseModels", "tool\ChinaTower.Verification.ParseModels\ChinaTower.Verification.ParseModels.xproj", "{D7DEDA03-4EAF-4E22-815E-9B918EC563AA}"
EndProject
Global
	GlobalSection(SolutionConfigurationPlatforms) = preSolution
		Debug|Any CPU = Debug|Any CPU
		Release|Any CPU = Release|Any CPU
	EndGlobalSection
	GlobalSection(ProjectConfigurationPlatforms) = postSolution
		{40AF6E27-4320-407F-8773-DE951E990D59}.Debug|Any CPU.ActiveCfg = Debug|Any CPU
		{40AF6E27-4320-407F-8773-DE951E990D59}.Debug|Any CPU.Build.0 = Debug|Any CPU
		{40AF6E27-4320-407F-8773-DE951E990D59}.Release|Any CPU.ActiveCfg = Release|Any CPU
		{40AF6E27-4320-407F-8773-DE951E990D59}.Release|Any CPU.Build.0 = Release|Any CPU
		{D7DEDA03-4EAF-4E22-815E-9B918EC563AA}.Debug|Any CPU.ActiveCfg = Debug|Any CPU
		{D7DEDA03-4EAF-4E22-815E-9B918EC563AA}.Debug|Any CPU.Build.0 = Debug|Any CPU
		{D7DEDA03-4EAF-4E22-815E-9B918EC563AA}.Release|Any CPU.ActiveCfg = Release|Any CPU
		{D7DEDA03-4EAF-4E22-815E-9B918EC563AA}.Release|Any CPU.Build.0 = Release|Any CPU
	EndGlobalSection
	GlobalSection(SolutionProperties) = preSolution
		HideSolutionNode = FALSE
	EndGlobalSection
	GlobalSection(NestedProjects) = preSolution
		{40AF6E27-4320-407F-8773-DE951E990D59} = {0510873E-5CD4-4386-933C-371BD565B017}
		{D7DEDA03-4EAF-4E22-815E-9B918EC563AA} = {E7A44035-E04C-4CB6-8D98-5AD92DC44C0B}
	EndGlobalSection
EndGlobal
